
Microsoft Visual Studio Solution File, Format Version 12.00
# Visual Studio 15
VisualStudioVersion = 15.0.28010.2041
MinimumVisualStudioVersion = 10.0.40219.1
Project("{8BC9CEB8-8B4A-11D0-8D11-00A0C91BC942}") = "5.29", "5.29\5.29.vcxproj", "{85DF16CF-0FB0-457B-A2A3-051D75F6DADC}"
EndProject
Global
	GlobalSection(SolutionConfigurationPlatforms) = preSolution
		Debug|x64 = Debug|x64
		Debug|x86 = Debug|x86
		Release|x64 = Release|x64
		Release|x86 = Release|x86
	EndGlobalSection
	GlobalSection(ProjectConfigurationPlatforms) = postSolution
		{85DF16CF-0FB0-457B-A2A3-051D75F6DADC}.Debug|x64.ActiveCfg = Debug|x64
		{85DF16CF-0FB0-457B-A2A3-051D75F6DADC}.Debug|x64.Build.0 = Debug|x64
		{85DF16CF-0FB0-457B-A2A3-051D75F6DADC}.Debug|x86.ActiveCfg = Debug|Win32
		{85DF16CF-0FB0-457B-A2A3-051D75F6DADC}.Debug|x86.Build.0 = Debug|Win32
		{85DF16CF-0FB0-457B-A2A3-051D75F6DADC}.Release|x64.ActiveCfg = Release|x64
		{85DF16CF-0FB0-457B-A2A3-051D75F6DADC}.Release|x64.Build.0 = Release|x64
		{85DF16CF-0FB0-457B-A2A3-051D75F6DADC}.Release|x86.ActiveCfg = Release|Win32
		{85DF16CF-0FB0-457B-A2A3-051D75F6DADC}.Release|x86.Build.0 = Release|Win32
	EndGlobalSection
	GlobalSection(SolutionProperties) = preSolution
		HideSolutionNode = FALSE
	EndGlobalSection
	GlobalSection(ExtensibilityGlobals) = postSolution
		SolutionGuid = {A0F24436-C66F-44EC-9E34-8368F36EC806}
	EndGlobalSection
EndGlobal
